{
    "_readme": [
        "This file locks the dependencies of your project to a known state",
        "Read more about it at http://getcomposer.org/doc/01-basic-usage.md#composer-lock-the-lock-file"
    ],
    "hash": "f583159daf658318f8d2d21644bce321",
    "packages": [
        {
            "name": "bitweb/stdlib",
            "version": "1.1.0",
            "source": {
                "type": "git",
                "url": "https://github.com/BitWeb/stdlib.git",
                "reference": "85c8272d48c030308539117eaf0b24ad89155a3f"
            },
            "dist": {
                "type": "zip",
                "url": "https://api.github.com/repos/BitWeb/stdlib/zipball/85c8272d48c030308539117eaf0b24ad89155a3f",
                "reference": "85c8272d48c030308539117eaf0b24ad89155a3f",
                "shasum": ""
            },
            "require": {
                "php": ">=5.3.3"
            },
            "require-dev": {
                "phpunit/phpunit": "3.7.*"
            },
            "type": "library",
            "autoload": {
                "psr-0": {
                    "": [
                        "src/",
                        "test/"
                    ]
                }
            },
            "notification-url": "https://packagist.org/downloads/",
            "license": [
                "proprietary"
            ],
            "description": "BitWeb library for standard functions.",
            "homepage": "http://bitweb.ee/",
            "time": "2014-04-16 10:25:31"
        },
        {
            "name": "cron/cron",
            "version": "1.0.0",
            "source": {
                "type": "git",
                "url": "https://github.com/Cron/Cron.git",
                "reference": "e1298283965f9b1aa576759d63521b836a315223"
            },
            "dist": {
                "type": "zip",
                "url": "https://api.github.com/repos/Cron/Cron/zipball/e1298283965f9b1aa576759d63521b836a315223",
                "reference": "e1298283965f9b1aa576759d63521b836a315223",
                "shasum": ""
            },
            "require": {
                "php": ">=5.3.0",
                "symfony/process": ">=v2.3.4"
            },
            "require-dev": {
                "phpunit/phpunit": "3.7.*@dev"
            },
            "type": "library",
            "extra": {
                "branch-alias": {
                    "dev-master": "1.0-dev"
                }
            },
            "autoload": {
                "psr-0": {
                    "Cron": "src/"
                }
            },
            "notification-url": "https://packagist.org/downloads/",
            "license": [
                "MIT"
            ],
            "authors": [
                {
                    "name": "Dries De Peuter",
                    "email": "dries@nousefreak.be",
                    "homepage": "http://nousefreak.be"
                }
            ],
            "description": "Cronjobs",
            "time": "2014-03-05 21:50:31"
        },
        {
            "name": "symfony/process",
            "version": "v2.4.4",
            "target-dir": "Symfony/Component/Process",
            "source": {
                "type": "git",
                "url": "https://github.com/symfony/Process.git",
                "reference": "8721f1476d5d38a43c7d6ccb6435b351cf8f3bb7"
            },
            "dist": {
                "type": "zip",
                "url": "https://api.github.com/repos/symfony/Process/zipball/8721f1476d5d38a43c7d6ccb6435b351cf8f3bb7",
                "reference": "8721f1476d5d38a43c7d6ccb6435b351cf8f3bb7",
                "shasum": ""
            },
            "require": {
                "php": ">=5.3.3"
            },
            "type": "library",
            "extra": {
                "branch-alias": {
                    "dev-master": "2.4-dev"
                }
            },
            "autoload": {
                "psr-0": {
                    "Symfony\\Component\\Process\\": ""
                }
            },
            "notification-url": "https://packagist.org/downloads/",
            "license": [
                "MIT"
            ],
            "authors": [
                {
                    "name": "Fabien Potencier",
                    "email": "fabien@symfony.com",
                    "homepage": "http://fabien.potencier.org",
                    "role": "Lead Developer"
                },
                {
                    "name": "Symfony Community",
                    "homepage": "http://symfony.com/contributors"
                }
            ],
            "description": "Symfony Process Component",
            "homepage": "http://symfony.com",
            "time": "2014-04-27 13:34:57"
        },
        {
            "name": "zendframework/zend-console",
            "version": "2.3.0",
            "target-dir": "Zend/Console",
            "source": {
                "type": "git",
                "url": "https://github.com/zendframework/Component_ZendConsole.git",
                "reference": "4660d3efc0ac39c2f571d0971bc8545f404f38ad"
            },
            "dist": {
                "type": "zip",
                "url": "https://api.github.com/repos/zendframework/Component_ZendConsole/zipball/4660d3efc0ac39c2f571d0971bc8545f404f38ad",
                "reference": "4660d3efc0ac39c2f571d0971bc8545f404f38ad",
                "shasum": ""
            },
            "require": {
                "php": ">=5.3.23",
                "zendframework/zend-stdlib": "self.version"
            },
            "type": "library",
            "extra": {
                "branch-alias": {
                    "dev-master": "2.2-dev",
                    "dev-develop": "2.3-dev"
                }
            },
            "autoload": {
                "psr-0": {
                    "Zend\\Console\\": ""
                }
            },
            "notification-url": "https://packagist.org/downloads/",
            "license": [
                "BSD-3-Clause"
            ],
            "keywords": [
                "console",
                "zf2"
            ],
            "time": "2014-03-12 17:04:32"
        },
        {
            "name": "zendframework/zend-eventmanager",
            "version": "2.3.0",
            "target-dir": "Zend/EventManager",
            "source": {
                "type": "git",
                "url": "https://github.com/zendframework/Component_ZendEventManager.git",
                "reference": "048164ee81854942667ffdda3030ce06caa79bb5"
            },
            "dist": {
                "type": "zip",
                "url": "https://api.github.com/repos/zendframework/Component_ZendEventManager/zipball/048164ee81854942667ffdda3030ce06caa79bb5",
                "reference": "048164ee81854942667ffdda3030ce06caa79bb5",
                "shasum": ""
            },
            "require": {
                "php": ">=5.3.23",
                "zendframework/zend-stdlib": "self.version"
            },
            "type": "library",
            "extra": {
                "branch-alias": {
                    "dev-master": "2.2-dev",
                    "dev-develop": "2.3-dev"
                }
            },
            "autoload": {
                "psr-0": {
                    "Zend\\EventManager\\": ""
                }
            },
            "notification-url": "https://packagist.org/downloads/",
            "license": [
                "BSD-3-Clause"
            ],
            "keywords": [
                "eventmanager",
                "zf2"
            ],
            "time": "2014-03-14 16:21:05"
        },
        {
            "name": "zendframework/zend-mvc",
            "version": "2.3.0",
            "target-dir": "Zend/Mvc",
            "source": {
                "type": "git",
                "url": "https://github.com/zendframework/Component_ZendMvc.git",
                "reference": "9171841f8b2cdb914dba972878ec78b9885352d0"
            },
            "dist": {
                "type": "zip",
                "url": "https://api.github.com/repos/zendframework/Component_ZendMvc/zipball/9171841f8b2cdb914dba972878ec78b9885352d0",
                "reference": "9171841f8b2cdb914dba972878ec78b9885352d0",
                "shasum": ""
            },
            "require": {
                "php": ">=5.3.23",
                "zendframework/zend-eventmanager": "self.version",
                "zendframework/zend-servicemanager": "self.version",
                "zendframework/zend-stdlib": "self.version"
            },
            "require-dev": {
                "zendframework/zend-authentication": "self.version",
                "zendframework/zend-console": "self.version",
                "zendframework/zend-di": "self.version",
                "zendframework/zend-filter": "self.version",
                "zendframework/zend-form": "self.version",
                "zendframework/zend-http": "self.version",
                "zendframework/zend-i18n": "self.version",
                "zendframework/zend-inputfilter": "self.version",
                "zendframework/zend-json": "self.version",
                "zendframework/zend-modulemanager": "self.version",
                "zendframework/zend-serializer": "self.version",
                "zendframework/zend-session": "self.version",
                "zendframework/zend-text": "self.version",
                "zendframework/zend-uri": "self.version",
                "zendframework/zend-validator": "self.version",
                "zendframework/zend-version": "self.version",
                "zendframework/zend-view": "self.version"
            },
            "suggest": {
                "zendframework/zend-authentication": "Zend\\Authentication component for Identity plugin",
                "zendframework/zend-config": "Zend\\Config component",
                "zendframework/zend-console": "Zend\\Console component",
                "zendframework/zend-di": "Zend\\Di component",
                "zendframework/zend-filter": "Zend\\Filter component",
                "zendframework/zend-form": "Zend\\Form component",
                "zendframework/zend-http": "Zend\\Http component",
                "zendframework/zend-i18n": "Zend\\I18n component for translatable segments",
                "zendframework/zend-inputfilter": "Zend\\Inputfilter component",
                "zendframework/zend-json": "Zend\\Json component",
                "zendframework/zend-modulemanager": "Zend\\ModuleManager component",
                "zendframework/zend-serializer": "Zend\\Serializer component",
                "zendframework/zend-session": "Zend\\Session component for FlashMessenger, PRG, and FPRG plugins",
                "zendframework/zend-stdlib": "Zend\\Stdlib component",
                "zendframework/zend-text": "Zend\\Text component",
                "zendframework/zend-uri": "Zend\\Uri component",
                "zendframework/zend-validator": "Zend\\Validator component",
                "zendframework/zend-version": "Zend\\Version component",
                "zendframework/zend-view": "Zend\\View component"
            },
            "type": "library",
            "extra": {
                "branch-alias": {
                    "dev-master": "2.2-dev",
                    "dev-develop": "2.3-dev"
                }
            },
            "autoload": {
                "psr-0": {
                    "Zend\\Mvc\\": ""
                }
            },
            "notification-url": "https://packagist.org/downloads/",
            "license": [
                "BSD-3-Clause"
            ],
            "keywords": [
                "mvc",
                "zf2"
            ],
            "time": "2014-03-12 17:04:30"
        },
        {
            "name": "zendframework/zend-servicemanager",
            "version": "2.3.0",
            "target-dir": "Zend/ServiceManager",
            "source": {
                "type": "git",
                "url": "https://github.com/zendframework/Component_ZendServiceManager.git",
                "reference": "310187f89fe830ed4484499f78338631f29d25c7"
            },
            "dist": {
                "type": "zip",
                "url": "https://api.github.com/repos/zendframework/Component_ZendServiceManager/zipball/310187f89fe830ed4484499f78338631f29d25c7",
                "reference": "310187f89fe830ed4484499f78338631f29d25c7",
                "shasum": ""
            },
            "require": {
                "php": ">=5.3.23"
            },
            "require-dev": {
                "zendframework/zend-di": "self.version"
            },
            "suggest": {
                "zendframework/zend-di": "Zend\\Di component"
            },
            "type": "library",
            "extra": {
                "branch-alias": {
                    "dev-master": "2.2-dev",
                    "dev-develop": "2.3-dev"
                }
            },
            "autoload": {
                "psr-0": {
                    "Zend\\ServiceManager\\": ""
                }
            },
            "notification-url": "https://packagist.org/downloads/",
            "license": [
                "BSD-3-Clause"
            ],
            "keywords": [
                "servicemanager",
                "zf2"
            ],
            "time": "2014-03-14 16:22:14"
        },
        {
            "name": "zendframework/zend-stdlib",
            "version": "2.3.0",
            "target-dir": "Zend/Stdlib",
            "source": {
                "type": "git",
                "url": "https://github.com/zendframework/Component_ZendStdlib.git",
                "reference": "d1c481b8a43f2f079b16d3567960ba539e9dacaa"
            },
            "dist": {
                "type": "zip",
                "url": "https://api.github.com/repos/zendframework/Component_ZendStdlib/zipball/d1c481b8a43f2f079b16d3567960ba539e9dacaa",
                "reference": "d1c481b8a43f2f079b16d3567960ba539e9dacaa",
                "shasum": ""
            },
            "require": {
                "php": ">=5.3.23"
            },
            "require-dev": {
                "zendframework/zend-eventmanager": "self.version",
                "zendframework/zend-serializer": "self.version",
                "zendframework/zend-servicemanager": "self.version"
            },
            "suggest": {
                "zendframework/zend-eventmanager": "To support aggregate hydrator usage",
                "zendframework/zend-serializer": "Zend\\Serializer component",
                "zendframework/zend-servicemanager": "To support hydrator plugin manager usage"
            },
            "type": "library",
            "extra": {
                "branch-alias": {
                    "dev-master": "2.2-dev",
                    "dev-develop": "2.3-dev"
                }
            },
            "autoload": {
                "psr-0": {
                    "Zend\\Stdlib\\": ""
                }
            },
            "notification-url": "https://packagist.org/downloads/",
            "license": [
                "BSD-3-Clause"
            ],
            "keywords": [
                "stdlib",
                "zf2"
            ],
            "time": "2014-03-14 16:22:22"
        }
    ],
    "packages-dev": null,
    "aliases": [

    ],
    "minimum-stability": "stable",
    "stability-flags": {
        "satooshi/php-coveralls": 20
    },
    "platform": {
        "php": ">=5.3.3"
    },
    "platform-dev": [

    ]
}
